
Microsoft Visual Studio Solution File, Format Version 12.00
# Visual Studio Version 17
VisualStudioVersion = 17.12.35527.113 d17.12
MinimumVisualStudioVersion = 10.0.40219.1
Project("{00D1A9C2-B5F0-4AF3-8072-F6C62B433612}") = "BikeStores", "BikeStores.sqlproj", "{CC9ADF5B-C82B-4789-80FD-F7CE2C874D0B}"
EndProject
Global
	GlobalSection(SolutionConfigurationPlatforms) = preSolution
		Debug|Any CPU = Debug|Any CPU
		Release|Any CPU = Release|Any CPU
	EndGlobalSection
	GlobalSection(ProjectConfigurationPlatforms) = postSolution
		{CC9ADF5B-C82B-4789-80FD-F7CE2C874D0B}.Debug|Any CPU.ActiveCfg = Debug|Any CPU
		{CC9ADF5B-C82B-4789-80FD-F7CE2C874D0B}.Debug|Any CPU.Build.0 = Debug|Any CPU
		{CC9ADF5B-C82B-4789-80FD-F7CE2C874D0B}.Debug|Any CPU.Deploy.0 = Debug|Any CPU
		{CC9ADF5B-C82B-4789-80FD-F7CE2C874D0B}.Release|Any CPU.ActiveCfg = Release|Any CPU
		{CC9ADF5B-C82B-4789-80FD-F7CE2C874D0B}.Release|Any CPU.Build.0 = Release|Any CPU
		{CC9ADF5B-C82B-4789-80FD-F7CE2C874D0B}.Release|Any CPU.Deploy.0 = Release|Any CPU
	EndGlobalSection
	GlobalSection(SolutionProperties) = preSolution
		HideSolutionNode = FALSE
	EndGlobalSection
EndGlobal
